
Microsoft Visual Studio Solution File, Format Version 12.00
# Visual Studio 14
VisualStudioVersion = 14.0.24720.0
MinimumVisualStudioVersion = 10.0.40219.1
Project("{8BC9CEB8-8B4A-11D0-8D11-00A0C91BC942}") = "EngineDemo", "EngineDemo\EngineDemo.vcxproj", "{C4680F18-E037-4881-A760-CF9AC4C668C5}"
	ProjectSection(ProjectDependencies) = postProject
		{96C3E168-CEF8-4A6B-A167-B0CDD8101D96} = {96C3E168-CEF8-4A6B-A167-B0CDD8101D96}
	EndProjectSection
EndProject
Project("{8BC9CEB8-8B4A-11D0-8D11-00A0C91BC942}") = "Engine", "Engine\engine.vcxproj", "{96C3E168-CEF8-4A6B-A167-B0CDD8101D96}"
EndProject
Global
	GlobalSection(SolutionConfigurationPlatforms) = preSolution
		Debug clang|x64 = Debug clang|x64
		Debug clang|x86 = Debug clang|x86
		Debug|x64 = Debug|x64
		Debug|x86 = Debug|x86
		Release|x64 = Release|x64
		Release|x86 = Release|x86
	EndGlobalSection
	GlobalSection(ProjectConfigurationPlatforms) = postSolution
		{C4680F18-E037-4881-A760-CF9AC4C668C5}.Debug clang|x64.ActiveCfg = Debug clang|x64
		{C4680F18-E037-4881-A760-CF9AC4C668C5}.Debug clang|x64.Build.0 = Debug clang|x64
		{C4680F18-E037-4881-A760-CF9AC4C668C5}.Debug clang|x86.ActiveCfg = Debug clang|Win32
		{C4680F18-E037-4881-A760-CF9AC4C668C5}.Debug clang|x86.Build.0 = Debug clang|Win32
		{C4680F18-E037-4881-A760-CF9AC4C668C5}.Debug|x64.ActiveCfg = Debug|x64
		{C4680F18-E037-4881-A760-CF9AC4C668C5}.Debug|x64.Build.0 = Debug|x64
		{C4680F18-E037-4881-A760-CF9AC4C668C5}.Debug|x64.Deploy.0 = Debug|x64
		{C4680F18-E037-4881-A760-CF9AC4C668C5}.Debug|x86.ActiveCfg = Debug|Win32
		{C4680F18-E037-4881-A760-CF9AC4C668C5}.Debug|x86.Build.0 = Debug|Win32
		{C4680F18-E037-4881-A760-CF9AC4C668C5}.Release|x64.ActiveCfg = Release|x64
		{C4680F18-E037-4881-A760-CF9AC4C668C5}.Release|x64.Build.0 = Release|x64
		{C4680F18-E037-4881-A760-CF9AC4C668C5}.Release|x64.Deploy.0 = Release|x64
		{C4680F18-E037-4881-A760-CF9AC4C668C5}.Release|x86.ActiveCfg = Release|Win32
		{C4680F18-E037-4881-A760-CF9AC4C668C5}.Release|x86.Build.0 = Release|Win32
		{96C3E168-CEF8-4A6B-A167-B0CDD8101D96}.Debug clang|x64.ActiveCfg = Debug clang|x64
		{96C3E168-CEF8-4A6B-A167-B0CDD8101D96}.Debug clang|x64.Build.0 = Debug clang|x64
		{96C3E168-CEF8-4A6B-A167-B0CDD8101D96}.Debug clang|x86.ActiveCfg = Debug clang|Win32
		{96C3E168-CEF8-4A6B-A167-B0CDD8101D96}.Debug clang|x86.Build.0 = Debug clang|Win32
		{96C3E168-CEF8-4A6B-A167-B0CDD8101D96}.Debug|x64.ActiveCfg = Debug|x64
		{96C3E168-CEF8-4A6B-A167-B0CDD8101D96}.Debug|x64.Build.0 = Debug|x64
		{96C3E168-CEF8-4A6B-A167-B0CDD8101D96}.Debug|x64.Deploy.0 = Debug|x64
		{96C3E168-CEF8-4A6B-A167-B0CDD8101D96}.Debug|x86.ActiveCfg = Debug|Win32
		{96C3E168-CEF8-4A6B-A167-B0CDD8101D96}.Debug|x86.Build.0 = Debug|Win32
		{96C3E168-CEF8-4A6B-A167-B0CDD8101D96}.Release|x64.ActiveCfg = Release|x64
		{96C3E168-CEF8-4A6B-A167-B0CDD8101D96}.Release|x64.Build.0 = Release|x64
		{96C3E168-CEF8-4A6B-A167-B0CDD8101D96}.Release|x64.Deploy.0 = Release|x64
		{96C3E168-CEF8-4A6B-A167-B0CDD8101D96}.Release|x86.ActiveCfg = Release|Win32
		{96C3E168-CEF8-4A6B-A167-B0CDD8101D96}.Release|x86.Build.0 = Release|Win32
	EndGlobalSection
	GlobalSection(SolutionProperties) = preSolution
		HideSolutionNode = FALSE
	EndGlobalSection
	GlobalSection(TeamFoundationVersionControl) = preSolution
		SccNumberOfProjects = 3
		SccEnterpriseProvider = {4CA58AB2-18FA-4F8D-95D4-32DDF27D184C}
		SccTeamFoundationServer = https://todorovich.visualstudio.com/
		SccLocalPath0 = .
		SccProjectUniqueName1 = EngineDemo\\EngineDemo.vcxproj
		SccProjectName1 = EngineDemo
		SccLocalPath1 = EngineDemo
		SccProjectUniqueName2 = Engine\\engine.vcxproj
		SccProjectName2 = engine
		SccLocalPath2 = engine
	EndGlobalSection
EndGlobal
