<?xml version="1.0" encoding="utf-8"?>
<Project ToolsVersion="4.0" xmlns="http://schemas.microsoft.com/developer/msbuild/2003">
  <ItemGroup>
    <Filter Include="Engine">
      <UniqueIdentifier>{8d5be82c-34f6-4d4a-817f-5e74d0487ea3}</UniqueIdentifier>
    </Filter>
    <Filter Include="Camera">
      <UniqueIdentifier>{fe45dba6-65ca-4377-8f53-59a552e1170a}</UniqueIdentifier>
    </Filter>
    <Filter Include="Command">
      <UniqueIdentifier>{433cfa37-76c0-4356-af4f-5d2c242831a8}</UniqueIdentifier>
    </Filter>
    <Filter Include="Command Queue">
      <UniqueIdentifier>{ef25e0c3-a356-482c-90cd-daf8c18a92ae}</UniqueIdentifier>
    </Filter>
    <Filter Include="DirectX Helpers">
      <UniqueIdentifier>{de058a6a-baf5-4113-95dd-0238466dbdc3}</UniqueIdentifier>
    </Filter>
    <Filter Include="DirectX Renderer">
      <UniqueIdentifier>{6ffbe6a6-42f3-478a-b325-efbcb6f7a622}</UniqueIdentifier>
    </Filter>
    <Filter Include="Geometry Generator">
      <UniqueIdentifier>{f1e760be-bf23-4343-bfea-f440773b2098}</UniqueIdentifier>
    </Filter>
    <Filter Include="Math">
      <UniqueIdentifier>{02b12af0-d6a0-4bef-9b09-a868e5f80f5f}</UniqueIdentifier>
    </Filter>
    <Filter Include="Pool">
      <UniqueIdentifier>{eda82d9b-cf48-4ff3-99ce-b149c0b08b74}</UniqueIdentifier>
    </Filter>
    <Filter Include="Upload Buffer">
      <UniqueIdentifier>{bfb91a35-2f57-43d2-9ab6-211ba9292d2b}</UniqueIdentifier>
    </Filter>
    <Filter Include="Timer Manager">
      <UniqueIdentifier>{12a5fa6f-d241-4248-959b-20e55fff8bbe}</UniqueIdentifier>
    </Filter>
    <Filter Include="Input Manager">
      <UniqueIdentifier>{99fd4cdc-79ad-4015-95c2-8182dc43d771}</UniqueIdentifier>
    </Filter>
    <Filter Include="Input Manager\Input Messages">
      <UniqueIdentifier>{53e81af9-d37d-487d-88ee-e700de048e26}</UniqueIdentifier>
    </Filter>
    <Filter Include="Timer Manager\Timer">
      <UniqueIdentifier>{a6a382f3-bc52-491e-8b76-5825df9b66ab}</UniqueIdentifier>
    </Filter>
    <Filter Include="Windows Message Manager">
      <UniqueIdentifier>{9f216d11-dc3a-4b55-9790-ade58a99f01b}</UniqueIdentifier>
    </Filter>
    <Filter Include="Windows Message Manager\Windows Messages">
      <UniqueIdentifier>{c45045dc-13ec-4e22-ae3b-db0770db2959}</UniqueIdentifier>
    </Filter>
    <Filter Include="Windows Message Manager\Windows Messages\_Mouse">
      <UniqueIdentifier>{02b1fe5e-cfe9-4d7d-9eb9-02137cf3bffb}</UniqueIdentifier>
    </Filter>
    <Filter Include="Windows Message Manager\Windows Messages\_Mouse\WM_LeftMouseButtonDown">
      <UniqueIdentifier>{39b864b3-476d-46fc-b8bd-9443d9c17643}</UniqueIdentifier>
    </Filter>
    <Filter Include="Windows Message Manager\Windows Messages\_Mouse\WM_LeftMouseButtonUp">
      <UniqueIdentifier>{a364cb47-8fea-4bb0-9ca3-742fe1dd0cde}</UniqueIdentifier>
    </Filter>
    <Filter Include="Windows Message Manager\Windows Messages\WM_EnterSizeMove">
      <UniqueIdentifier>{0097bb93-c3fe-4f47-952b-6809ba0740d7}</UniqueIdentifier>
    </Filter>
    <Filter Include="Windows Message Manager\Windows Messages\WM_Close">
      <UniqueIdentifier>{cac7839a-8511-4ada-b95b-2c8455d4a2b6}</UniqueIdentifier>
    </Filter>
    <Filter Include="Windows Message Manager\Windows Messages\WM_Destroy">
      <UniqueIdentifier>{259209d1-d039-4012-939e-a34d508f3129}</UniqueIdentifier>
    </Filter>
    <Filter Include="Windows Message Manager\Windows Messages\WM_CaptureChanged">
      <UniqueIdentifier>{6b37ecef-dcda-45c7-bbfb-38dc73064641}</UniqueIdentifier>
    </Filter>
    <Filter Include="Windows Message Manager\Windows Messages\WM_Activate">
      <UniqueIdentifier>{3a3a5d03-23ea-4785-b837-7a5ad4a1f3de}</UniqueIdentifier>
    </Filter>
    <Filter Include="Windows Message Manager\Windows Messages\_Mouse\WM_RightMouseButtonUp">
      <UniqueIdentifier>{d6276d73-b737-4260-a197-91ad56a27320}</UniqueIdentifier>
    </Filter>
    <Filter Include="Windows Message Manager\Windows Messages\_Mouse\WM_RightMouseButtonDown">
      <UniqueIdentifier>{6ec7d797-422f-4fba-8702-38531a8d5bbf}</UniqueIdentifier>
    </Filter>
    <Filter Include="Windows Message Manager\Windows Messages\_Mouse\WM_MiddleMouseButtonUp">
      <UniqueIdentifier>{ed7e68df-0c0e-46f6-8a24-9a215a4876c9}</UniqueIdentifier>
    </Filter>
    <Filter Include="Windows Message Manager\Windows Messages\_Mouse\WM_MiddleMouseButtonDown">
      <UniqueIdentifier>{92cac76c-918e-4bbf-bb7d-fa1a9fa599bb}</UniqueIdentifier>
    </Filter>
    <Filter Include="Windows Message Manager\Windows Messages\WM_EraseBackground">
      <UniqueIdentifier>{e0e8357d-af0f-4b34-a04c-e11a09e17e26}</UniqueIdentifier>
    </Filter>
    <Filter Include="Windows Message Manager\Windows Messages\WM_ExitSizeMove">
      <UniqueIdentifier>{2d716774-4f2d-4a5d-b55c-e6cf8ab3a8cf}</UniqueIdentifier>
    </Filter>
    <Filter Include="Windows Message Manager\Windows Messages\WM_GetIcon">
      <UniqueIdentifier>{0ffd38b8-5b0c-4ab8-9ce9-db4caf344626}</UniqueIdentifier>
    </Filter>
    <Filter Include="Windows Message Manager\Windows Messages\WM_GetMinMaxInfo">
      <UniqueIdentifier>{818bcc10-8c2d-4ff9-92c4-7c874ab5c470}</UniqueIdentifier>
    </Filter>
    <Filter Include="Windows Message Manager\Windows Messages\WM_Input">
      <UniqueIdentifier>{e978f16c-0d97-44fc-87b8-5a566107836e}</UniqueIdentifier>
    </Filter>
    <Filter Include="Windows Message Manager\Windows Messages\WM_MenuChar">
      <UniqueIdentifier>{b8ebb7bc-f7b4-4bee-b3de-bcb2baba5cc5}</UniqueIdentifier>
    </Filter>
    <Filter Include="Windows Message Manager\Windows Messages\WM_MouseMove">
      <UniqueIdentifier>{4ffb2002-1e75-4af5-b157-59ffc18412db}</UniqueIdentifier>
    </Filter>
    <Filter Include="Windows Message Manager\Windows Messages\WM_Move">
      <UniqueIdentifier>{244614ef-fa72-49e1-a03a-652f6f265708}</UniqueIdentifier>
    </Filter>
    <Filter Include="Windows Message Manager\Windows Messages\WM_Moving">
      <UniqueIdentifier>{8871b3fb-a974-4d8d-95e2-b54db4987828}</UniqueIdentifier>
    </Filter>
    <Filter Include="Windows Message Manager\Windows Messages\WM_NonClientCalcSize">
      <UniqueIdentifier>{6e0ee4c5-f537-4d51-949a-096372745cdc}</UniqueIdentifier>
    </Filter>
    <Filter Include="Windows Message Manager\Windows Messages\WM_NonClientMouseLeave">
      <UniqueIdentifier>{d86e5922-949e-4743-ad3c-8703c09c6852}</UniqueIdentifier>
    </Filter>
    <Filter Include="Windows Message Manager\Windows Messages\WM_NonClientPaint">
      <UniqueIdentifier>{0e6fd698-ad13-407a-a87c-a021fd58a85e}</UniqueIdentifier>
    </Filter>
    <Filter Include="Windows Message Manager\Windows Messages\WM_Paint">
      <UniqueIdentifier>{84e7b343-ddae-46f0-94af-b795395a6f4d}</UniqueIdentifier>
    </Filter>
    <Filter Include="Windows Message Manager\Windows Messages\WM_KeyUp">
      <UniqueIdentifier>{6490c74b-5624-4003-bda9-2c828aaddcad}</UniqueIdentifier>
    </Filter>
    <Filter Include="Windows Message Manager\Windows Messages\WM_Quit">
      <UniqueIdentifier>{b628efda-9243-486f-836e-da0e1399e967}</UniqueIdentifier>
    </Filter>
    <Filter Include="Windows Message Manager\Windows Messages\WM_SetText">
      <UniqueIdentifier>{5845c036-7e94-4a23-b849-6a3ed87ac7a8}</UniqueIdentifier>
    </Filter>
    <Filter Include="Windows Message Manager\Windows Messages\WM_Size">
      <UniqueIdentifier>{5cd536ab-9ab5-4e10-a453-cd1a756c0d15}</UniqueIdentifier>
    </Filter>
    <Filter Include="Windows Message Manager\Windows Messages\WM_Sizing">
      <UniqueIdentifier>{1255ea0f-0e14-45f6-a230-28c01c025c3d}</UniqueIdentifier>
    </Filter>
    <Filter Include="Windows Message Manager\Windows Messages\WM_Timer">
      <UniqueIdentifier>{b253edc2-2922-420e-8906-f9cb32da763c}</UniqueIdentifier>
    </Filter>
    <Filter Include="Windows Message Manager\Windows Messages\WM_WindowPositionChanging">
      <UniqueIdentifier>{2102c08e-9463-459b-86b4-4f9397170526}</UniqueIdentifier>
    </Filter>
    <Filter Include="Input Manager\Input Messages\IM_KeyDown">
      <UniqueIdentifier>{000def03-4ac6-4935-931e-523abc51f5f9}</UniqueIdentifier>
    </Filter>
    <Filter Include="Input Manager\Input Messages\IM_KeyUp">
      <UniqueIdentifier>{cd1a7fca-9ab7-4fd7-92fc-feb8907278da}</UniqueIdentifier>
    </Filter>
    <Filter Include="Input Manager\Input Messages\IM_MouseDown">
      <UniqueIdentifier>{5ebf13df-2b2c-4e03-ba53-8d8c3ef9ee29}</UniqueIdentifier>
    </Filter>
    <Filter Include="Input Manager\Input Messages\IM_MouseMove">
      <UniqueIdentifier>{a415c49d-8537-42b9-b0cb-745381600ba5}</UniqueIdentifier>
    </Filter>
    <Filter Include="Input Manager\Input Messages\IM_MouseUp">
      <UniqueIdentifier>{b371ca58-db20-4490-bc20-818b500fe73d}</UniqueIdentifier>
    </Filter>
  </ItemGroup>
  <ItemGroup>
    <ClCompile Include="source\Camera.cpp">
      <Filter>Camera</Filter>
    </ClCompile>
    <ClCompile Include="source\Command.cpp">
      <Filter>Command</Filter>
    </ClCompile>
    <ClCompile Include="source\d3dUtil.cpp">
      <Filter>DirectX Helpers</Filter>
    </ClCompile>
    <ClCompile Include="source\DDSTextureLoader.cpp">
      <Filter>DirectX Helpers</Filter>
    </ClCompile>
    <ClCompile Include="source\MathHelper.cpp">
      <Filter>Math</Filter>
    </ClCompile>
    <ClCompile Include="source\DirectXRenderer.cpp">
      <Filter>DirectX Renderer</Filter>
    </ClCompile>
    <ClCompile Include="source\GeometryGenerator.cpp">
      <Filter>Geometry Generator</Filter>
    </ClCompile>
    <ClCompile Include="source\InputMessage.cpp">
      <Filter>Input Manager\Input Messages</Filter>
    </ClCompile>
    <ClCompile Include="source\TimerManager.cpp">
      <Filter>Timer Manager</Filter>
    </ClCompile>
    <ClCompile Include="source\InputManager.cpp">
      <Filter>Input Manager</Filter>
    </ClCompile>
    <ClCompile Include="source\WindowsMessageManager.cpp">
      <Filter>Windows Message Manager</Filter>
    </ClCompile>
    <ClCompile Include="source\WindowsMessage.cpp">
      <Filter>Windows Message Manager\Windows Messages</Filter>
    </ClCompile>
    <ClCompile Include="source\CommandManager.cpp">
      <Filter>Command Queue</Filter>
    </ClCompile>
    <ClCompile Include="source\Engine.cpp">
      <Filter>Engine</Filter>
    </ClCompile>
    <ClCompile Include="source\WM_LeftMouseButtonDown.cpp">
      <Filter>Windows Message Manager\Windows Messages\_Mouse\WM_LeftMouseButtonDown</Filter>
    </ClCompile>
    <ClCompile Include="source\precompiled.cpp" />
    <ClCompile Include="source\WM_LeftMouseButtonUp.cpp">
      <Filter>Windows Message Manager\Windows Messages\_Mouse\WM_LeftMouseButtonUp</Filter>
    </ClCompile>
    <ClCompile Include="source\WM_MiddleMouseButtonDown.cpp">
      <Filter>Windows Message Manager\Windows Messages\_Mouse\WM_MiddleMouseButtonDown</Filter>
    </ClCompile>
    <ClCompile Include="source\WM_MiddleMouseButtonUp.cpp">
      <Filter>Windows Message Manager\Windows Messages\_Mouse\WM_MiddleMouseButtonUp</Filter>
    </ClCompile>
    <ClCompile Include="source\WM_RightMouseButtonDown.cpp">
      <Filter>Windows Message Manager\Windows Messages\_Mouse\WM_RightMouseButtonDown</Filter>
    </ClCompile>
    <ClCompile Include="source\WM_RightMouseButtonUp.cpp">
      <Filter>Windows Message Manager\Windows Messages\_Mouse\WM_RightMouseButtonUp</Filter>
    </ClCompile>
    <ClCompile Include="source\WM_Activate.cpp">
      <Filter>Windows Message Manager\Windows Messages\WM_Activate</Filter>
    </ClCompile>
    <ClCompile Include="source\WM_CaptureChanged.cpp">
      <Filter>Windows Message Manager\Windows Messages\WM_CaptureChanged</Filter>
    </ClCompile>
    <ClCompile Include="source\WM_Close.cpp">
      <Filter>Windows Message Manager\Windows Messages\WM_Close</Filter>
    </ClCompile>
    <ClCompile Include="source\WM_Destroy.cpp">
      <Filter>Windows Message Manager\Windows Messages\WM_Destroy</Filter>
    </ClCompile>
    <ClCompile Include="source\WM_EnterSizeMove.cpp">
      <Filter>Windows Message Manager\Windows Messages\WM_EnterSizeMove</Filter>
    </ClCompile>
    <ClCompile Include="source\WM_EraseBackground.cpp">
      <Filter>Windows Message Manager\Windows Messages\WM_EraseBackground</Filter>
    </ClCompile>
    <ClCompile Include="source\WM_ExitSizeMove.cpp">
      <Filter>Windows Message Manager\Windows Messages\WM_ExitSizeMove</Filter>
    </ClCompile>
    <ClCompile Include="source\WM_GetIcon.cpp">
      <Filter>Windows Message Manager\Windows Messages\WM_GetIcon</Filter>
    </ClCompile>
    <ClCompile Include="source\WM_GetMinMaxInfo.cpp">
      <Filter>Windows Message Manager\Windows Messages\WM_GetMinMaxInfo</Filter>
    </ClCompile>
    <ClCompile Include="source\WM_Input.cpp">
      <Filter>Windows Message Manager\Windows Messages\WM_Input</Filter>
    </ClCompile>
    <ClCompile Include="source\WM_KeyUp.cpp">
      <Filter>Windows Message Manager\Windows Messages\WM_KeyUp</Filter>
    </ClCompile>
    <ClCompile Include="source\WM_MenuChar.cpp">
      <Filter>Windows Message Manager\Windows Messages\WM_MenuChar</Filter>
    </ClCompile>
    <ClCompile Include="source\WM_MouseMove.cpp">
      <Filter>Windows Message Manager\Windows Messages\WM_MouseMove</Filter>
    </ClCompile>
    <ClCompile Include="source\WM_Move.cpp">
      <Filter>Windows Message Manager\Windows Messages\WM_Move</Filter>
    </ClCompile>
    <ClCompile Include="source\WM_Moving.cpp">
      <Filter>Windows Message Manager\Windows Messages\WM_Moving</Filter>
    </ClCompile>
    <ClCompile Include="source\WM_NonClientCalcSize.cpp">
      <Filter>Windows Message Manager\Windows Messages\WM_NonClientCalcSize</Filter>
    </ClCompile>
    <ClCompile Include="source\WM_NonClientMouseLeave.cpp">
      <Filter>Windows Message Manager\Windows Messages\WM_NonClientMouseLeave</Filter>
    </ClCompile>
    <ClCompile Include="source\WM_NonClientPaint.cpp">
      <Filter>Windows Message Manager\Windows Messages\WM_NonClientPaint</Filter>
    </ClCompile>
    <ClCompile Include="source\WM_Paint.cpp">
      <Filter>Windows Message Manager\Windows Messages\WM_Paint</Filter>
    </ClCompile>
    <ClCompile Include="source\WM_Quit.cpp">
      <Filter>Windows Message Manager\Windows Messages\WM_Quit</Filter>
    </ClCompile>
    <ClCompile Include="source\WM_SetText.cpp">
      <Filter>Windows Message Manager\Windows Messages\WM_SetText</Filter>
    </ClCompile>
    <ClCompile Include="source\WM_Size.cpp">
      <Filter>Windows Message Manager\Windows Messages\WM_Size</Filter>
    </ClCompile>
    <ClCompile Include="source\WM_Sizing.cpp">
      <Filter>Windows Message Manager\Windows Messages\WM_Sizing</Filter>
    </ClCompile>
    <ClCompile Include="source\WM_Timer.cpp">
      <Filter>Windows Message Manager\Windows Messages\WM_Timer</Filter>
    </ClCompile>
    <ClCompile Include="source\WM_WindowPositionChanging.cpp">
      <Filter>Windows Message Manager\Windows Messages\WM_WindowPositionChanging</Filter>
    </ClCompile>
  </ItemGroup>
  <ItemGroup>
    <ClInclude Include="source\Camera.hpp">
      <Filter>Camera</Filter>
    </ClInclude>
    <ClInclude Include="source\Command.hpp">
      <Filter>Command</Filter>
    </ClInclude>
    <ClInclude Include="source\d3dUtil.h">
      <Filter>DirectX Helpers</Filter>
    </ClInclude>
    <ClInclude Include="source\d3dx12.h">
      <Filter>DirectX Helpers</Filter>
    </ClInclude>
    <ClInclude Include="source\DDSTextureLoader.h">
      <Filter>DirectX Helpers</Filter>
    </ClInclude>
    <ClInclude Include="source\MathHelper.h">
      <Filter>Math</Filter>
    </ClInclude>
    <ClInclude Include="source\DirectXRenderer.hpp">
      <Filter>DirectX Renderer</Filter>
    </ClInclude>
    <ClInclude Include="source\Pool.hpp">
      <Filter>Pool</Filter>
    </ClInclude>
    <ClInclude Include="source\GeometryGenerator.h">
      <Filter>Geometry Generator</Filter>
    </ClInclude>
    <ClInclude Include="source\UploadBuffer.h">
      <Filter>Upload Buffer</Filter>
    </ClInclude>
    <ClInclude Include="source\precompiled.hpp" />
    <ClInclude Include="source\InputMessage.hpp">
      <Filter>Input Manager\Input Messages</Filter>
    </ClInclude>
    <ClInclude Include="source\TimerManager.hpp">
      <Filter>Timer Manager</Filter>
    </ClInclude>
    <ClInclude Include="source\InputManager.hpp">
      <Filter>Input Manager</Filter>
    </ClInclude>
    <ClInclude Include="source\WindowsMessageManager.hpp">
      <Filter>Windows Message Manager</Filter>
    </ClInclude>
    <ClInclude Include="source\WindowsMessage.hpp">
      <Filter>Windows Message Manager\Windows Messages</Filter>
    </ClInclude>
    <ClInclude Include="source\CommandManager.hpp">
      <Filter>Command Queue</Filter>
    </ClInclude>
    <ClInclude Include="source\Engine.hpp">
      <Filter>Engine</Filter>
    </ClInclude>
    <ClInclude Include="source\WM_LeftMouseButtonDown.hpp">
      <Filter>Windows Message Manager\Windows Messages\_Mouse\WM_LeftMouseButtonDown</Filter>
    </ClInclude>
    <ClInclude Include="source\WM_LeftMouseButtonUp.hpp">
      <Filter>Windows Message Manager\Windows Messages\_Mouse\WM_LeftMouseButtonUp</Filter>
    </ClInclude>
    <ClInclude Include="source\WM_MiddleMouseButtonDown.hpp">
      <Filter>Windows Message Manager\Windows Messages\_Mouse\WM_MiddleMouseButtonDown</Filter>
    </ClInclude>
    <ClInclude Include="source\WM_MiddleMouseButtonUp.hpp">
      <Filter>Windows Message Manager\Windows Messages\_Mouse\WM_MiddleMouseButtonUp</Filter>
    </ClInclude>
    <ClInclude Include="source\WM_RightMouseButtonDown.hpp">
      <Filter>Windows Message Manager\Windows Messages\_Mouse\WM_RightMouseButtonDown</Filter>
    </ClInclude>
    <ClInclude Include="source\WM_RightMouseButtonUp.hpp">
      <Filter>Windows Message Manager\Windows Messages\_Mouse\WM_RightMouseButtonUp</Filter>
    </ClInclude>
    <ClInclude Include="source\WM_Activate.hpp">
      <Filter>Windows Message Manager\Windows Messages\WM_Activate</Filter>
    </ClInclude>
    <ClInclude Include="source\WM_CaptureChanged.hpp">
      <Filter>Windows Message Manager\Windows Messages\WM_CaptureChanged</Filter>
    </ClInclude>
    <ClInclude Include="source\WM_Close.hpp">
      <Filter>Windows Message Manager\Windows Messages\WM_Close</Filter>
    </ClInclude>
    <ClInclude Include="source\WM_Destroy.hpp">
      <Filter>Windows Message Manager\Windows Messages\WM_Destroy</Filter>
    </ClInclude>
    <ClInclude Include="source\WM_EnterSizeMove.hpp">
      <Filter>Windows Message Manager\Windows Messages\WM_EnterSizeMove</Filter>
    </ClInclude>
    <ClInclude Include="source\WM_EraseBackground.hpp">
      <Filter>Windows Message Manager\Windows Messages\WM_EraseBackground</Filter>
    </ClInclude>
    <ClInclude Include="source\WM_ExitSizeMove.hpp">
      <Filter>Windows Message Manager\Windows Messages\WM_ExitSizeMove</Filter>
    </ClInclude>
    <ClInclude Include="source\WM_GetIcon.hpp">
      <Filter>Windows Message Manager\Windows Messages\WM_GetIcon</Filter>
    </ClInclude>
    <ClInclude Include="source\WM_GetMinMaxInfo.hpp">
      <Filter>Windows Message Manager\Windows Messages\WM_GetMinMaxInfo</Filter>
    </ClInclude>
    <ClInclude Include="source\WM_Input.hpp">
      <Filter>Windows Message Manager\Windows Messages\WM_Input</Filter>
    </ClInclude>
    <ClInclude Include="source\WM_KeyUp.hpp">
      <Filter>Windows Message Manager\Windows Messages\WM_KeyUp</Filter>
    </ClInclude>
    <ClInclude Include="source\WM_MenuChar.hpp">
      <Filter>Windows Message Manager\Windows Messages\WM_MenuChar</Filter>
    </ClInclude>
    <ClInclude Include="source\WM_MouseMove.hpp">
      <Filter>Windows Message Manager\Windows Messages\WM_MouseMove</Filter>
    </ClInclude>
    <ClInclude Include="source\WM_Move.hpp">
      <Filter>Windows Message Manager\Windows Messages\WM_Move</Filter>
    </ClInclude>
    <ClInclude Include="source\WM_Moving.hpp">
      <Filter>Windows Message Manager\Windows Messages\WM_Moving</Filter>
    </ClInclude>
    <ClInclude Include="source\WM_NonClientCalcSize.hpp">
      <Filter>Windows Message Manager\Windows Messages\WM_NonClientCalcSize</Filter>
    </ClInclude>
    <ClInclude Include="source\WM_NonClientMouseLeave.hpp">
      <Filter>Windows Message Manager\Windows Messages\WM_NonClientMouseLeave</Filter>
    </ClInclude>
    <ClInclude Include="source\WM_NonClientPaint.hpp">
      <Filter>Windows Message Manager\Windows Messages\WM_NonClientPaint</Filter>
    </ClInclude>
    <ClInclude Include="source\WM_Paint.hpp">
      <Filter>Windows Message Manager\Windows Messages\WM_Paint</Filter>
    </ClInclude>
    <ClInclude Include="source\WM_Quit.hpp">
      <Filter>Windows Message Manager\Windows Messages\WM_Quit</Filter>
    </ClInclude>
    <ClInclude Include="source\WM_SetText.hpp">
      <Filter>Windows Message Manager\Windows Messages\WM_SetText</Filter>
    </ClInclude>
    <ClInclude Include="source\WM_Size.hpp">
      <Filter>Windows Message Manager\Windows Messages\WM_Size</Filter>
    </ClInclude>
    <ClInclude Include="source\WM_Sizing.hpp">
      <Filter>Windows Message Manager\Windows Messages\WM_Sizing</Filter>
    </ClInclude>
    <ClInclude Include="source\WM_Timer.hpp">
      <Filter>Windows Message Manager\Windows Messages\WM_Timer</Filter>
    </ClInclude>
    <ClInclude Include="source\WM_WindowPositionChanging.hpp">
      <Filter>Windows Message Manager\Windows Messages\WM_WindowPositionChanging</Filter>
    </ClInclude>
    <ClInclude Include="source\IM_KeyDown.hpp">
      <Filter>Input Manager\Input Messages\IM_KeyDown</Filter>
    </ClInclude>
    <ClInclude Include="source\IM_KeyUp.hpp">
      <Filter>Input Manager\Input Messages\IM_KeyUp</Filter>
    </ClInclude>
    <ClInclude Include="source\IM_MouseDown.hpp">
      <Filter>Input Manager\Input Messages\IM_MouseDown</Filter>
    </ClInclude>
    <ClInclude Include="source\IM_MouseMove.hpp">
      <Filter>Input Manager\Input Messages\IM_MouseMove</Filter>
    </ClInclude>
    <ClInclude Include="source\IM_MouseUp.hpp">
      <Filter>Input Manager\Input Messages\IM_MouseUp</Filter>
    </ClInclude>
  </ItemGroup>
</Project>